// !$*UTF8*$!
{
	archiveVersion = 1;
	classes = {
	};
	objectVersion = 46;
	objects = {

/* Begin PBXBuildFile section */
		A3E6A43A610A45CF930DBE64 /* libPods.a in Frameworks */ = {isa = PBXBuildFile; fileRef = EEE886B64F1F4ED59991D62C /* libPods.a */; };
		B28CE3BC191E22A20018CB41 /* SCMainViewController.m in Sources */ = {isa = PBXBuildFile; fileRef = B28CE3BA191E22A20018CB41 /* SCMainViewController.m */; };
		B28CE3BD191E22A20018CB41 /* SCMainViewController.xib in Resources */ = {isa = PBXBuildFile; fileRef = B28CE3BB191E22A20018CB41 /* SCMainViewController.xib */; };
		B28CE3C2191E39CB0018CB41 /* dataTo101.json in Resources */ = {isa = PBXBuildFile; fileRef = B28CE3C1191E39CB0018CB41 /* dataTo101.json */; };
		B28CE3C4191E3F730018CB41 /* bikeshop.json in Resources */ = {isa = PBXBuildFile; fileRef = B28CE3C3191E3F730018CB41 /* bikeshop.json */; };
		B28CE3C6191E48920018CB41 /* dataTo101-2.json in Resources */ = {isa = PBXBuildFile; fileRef = B28CE3C5191E48920018CB41 /* dataTo101-2.json */; };
		F477FB7D191E4485009A6A47 /* Icon.png in Resources */ = {isa = PBXBuildFile; fileRef = F477FB7C191E4485009A6A47 /* Icon.png */; };
		F477FB7F191E4503009A6A47 /* icon120.png in Resources */ = {isa = PBXBuildFile; fileRef = F477FB7E191E4503009A6A47 /* icon120.png */; };
		F477FB82191E45A0009A6A47 /* bike_image-01.png in Resources */ = {isa = PBXBuildFile; fileRef = F477FB80191E45A0009A6A47 /* bike_image-01.png */; };
		F477FB83191E45A0009A6A47 /* cloud_white.png in Resources */ = {isa = PBXBuildFile; fileRef = F477FB81191E45A0009A6A47 /* cloud_white.png */; };
		F4892889191DEDDD004092E7 /* Foundation.framework in Frameworks */ = {isa = PBXBuildFile; fileRef = F4892888191DEDDD004092E7 /* Foundation.framework */; };
		F489288B191DEDDD004092E7 /* CoreGraphics.framework in Frameworks */ = {isa = PBXBuildFile; fileRef = F489288A191DEDDD004092E7 /* CoreGraphics.framework */; };
		F489288D191DEDDD004092E7 /* UIKit.framework in Frameworks */ = {isa = PBXBuildFile; fileRef = F489288C191DEDDD004092E7 /* UIKit.framework */; };
		F4892893191DEDDD004092E7 /* InfoPlist.strings in Resources */ = {isa = PBXBuildFile; fileRef = F4892891191DEDDD004092E7 /* InfoPlist.strings */; };
		F4892895191DEDDD004092E7 /* main.m in Sources */ = {isa = PBXBuildFile; fileRef = F4892894191DEDDD004092E7 /* main.m */; };
		F4892899191DEDDD004092E7 /* SCAppDelegate.m in Sources */ = {isa = PBXBuildFile; fileRef = F4892898191DEDDD004092E7 /* SCAppDelegate.m */; };
		F489289B191DEDDD004092E7 /* Images.xcassets in Resources */ = {isa = PBXBuildFile; fileRef = F489289A191DEDDD004092E7 /* Images.xcassets */; };
		F48928A2191DEDDD004092E7 /* XCTest.framework in Frameworks */ = {isa = PBXBuildFile; fileRef = F48928A1191DEDDD004092E7 /* XCTest.framework */; };
		F48928A3191DEDDD004092E7 /* Foundation.framework in Frameworks */ = {isa = PBXBuildFile; fileRef = F4892888191DEDDD004092E7 /* Foundation.framework */; };
		F48928A4191DEDDD004092E7 /* UIKit.framework in Frameworks */ = {isa = PBXBuildFile; fileRef = F489288C191DEDDD004092E7 /* UIKit.framework */; };
		F48928AC191DEDDD004092E7 /* InfoPlist.strings in Resources */ = {isa = PBXBuildFile; fileRef = F48928AA191DEDDD004092E7 /* InfoPlist.strings */; };
		F48928AE191DEDDD004092E7 /* BikeableTests.m in Sources */ = {isa = PBXBuildFile; fileRef = F48928AD191DEDDD004092E7 /* BikeableTests.m */; };
		F4B006EF191E05E300AF4902 /* DFDateFormatterFactory.m in Sources */ = {isa = PBXBuildFile; fileRef = F4B006CD191E05E300AF4902 /* DFDateFormatterFactory.m */; };
		F4B006F0191E05E300AF4902 /* MVOAuthViewController.m in Sources */ = {isa = PBXBuildFile; fileRef = F4B006CF191E05E300AF4902 /* MVOAuthViewController.m */; };
		F4B006F1191E05E300AF4902 /* MVActivity.m in Sources */ = {isa = PBXBuildFile; fileRef = F4B006D2191E05E300AF4902 /* MVActivity.m */; };
		F4B006F2191E05E300AF4902 /* MVBaseDataModel.m in Sources */ = {isa = PBXBuildFile; fileRef = F4B006D4191E05E300AF4902 /* MVBaseDataModel.m */; };
		F4B006F3191E05E300AF4902 /* MVDailyActivity.m in Sources */ = {isa = PBXBuildFile; fileRef = F4B006D6191E05E300AF4902 /* MVDailyActivity.m */; };
		F4B006F4191E05E300AF4902 /* MVDailyPlace.m in Sources */ = {isa = PBXBuildFile; fileRef = F4B006D8191E05E300AF4902 /* MVDailyPlace.m */; };
		F4B006F5191E05E300AF4902 /* MVDailySummary.m in Sources */ = {isa = PBXBuildFile; fileRef = F4B006DA191E05E300AF4902 /* MVDailySummary.m */; };
		F4B006F6191E05E300AF4902 /* MVLocalization.m in Sources */ = {isa = PBXBuildFile; fileRef = F4B006DC191E05E300AF4902 /* MVLocalization.m */; };
		F4B006F7191E05E300AF4902 /* MVLocation.m in Sources */ = {isa = PBXBuildFile; fileRef = F4B006DE191E05E300AF4902 /* MVLocation.m */; };
		F4B006F8191E05E300AF4902 /* MVPlace.m in Sources */ = {isa = PBXBuildFile; fileRef = F4B006E0191E05E300AF4902 /* MVPlace.m */; };
		F4B006F9191E05E300AF4902 /* MVSegment.m in Sources */ = {isa = PBXBuildFile; fileRef = F4B006E2191E05E300AF4902 /* MVSegment.m */; };
		F4B006FA191E05E300AF4902 /* MVStoryLine.m in Sources */ = {isa = PBXBuildFile; fileRef = F4B006E4191E05E300AF4902 /* MVStoryLine.m */; };
		F4B006FB191E05E300AF4902 /* MVSummary.m in Sources */ = {isa = PBXBuildFile; fileRef = F4B006E6191E05E300AF4902 /* MVSummary.m */; };
		F4B006FC191E05E300AF4902 /* MVSupportedActivity.m in Sources */ = {isa = PBXBuildFile; fileRef = F4B006E8191E05E300AF4902 /* MVSupportedActivity.m */; };
		F4B006FD191E05E300AF4902 /* MVTrackPoint.m in Sources */ = {isa = PBXBuildFile; fileRef = F4B006EA191E05E300AF4902 /* MVTrackPoint.m */; };
		F4B006FE191E05E300AF4902 /* MVUser.m in Sources */ = {isa = PBXBuildFile; fileRef = F4B006EC191E05E300AF4902 /* MVUser.m */; };
		F4B006FF191E05E300AF4902 /* MovesAPI.m in Sources */ = {isa = PBXBuildFile; fileRef = F4B006EE191E05E300AF4902 /* MovesAPI.m */; };
		F4B0070C191E35C300AF4902 /* bike-01.png in Resources */ = {isa = PBXBuildFile; fileRef = F4B00701191E35C300AF4902 /* bike-01.png */; };
		F4B0070D191E35C300AF4902 /* bike_bg-01.png in Resources */ = {isa = PBXBuildFile; fileRef = F4B00702191E35C300AF4902 /* bike_bg-01.png */; };
		F4B0070E191E35C300AF4902 /* icon_0000_Vector-Smart-Object.png in Resources */ = {isa = PBXBuildFile; fileRef = F4B00703191E35C300AF4902 /* icon_0000_Vector-Smart-Object.png */; };
		F4B0070F191E35C300AF4902 /* icon_0001_Vector-Smart-Object.png in Resources */ = {isa = PBXBuildFile; fileRef = F4B00704191E35C300AF4902 /* icon_0001_Vector-Smart-Object.png */; };
		F4B00710191E35C300AF4902 /* icon_0002_Vector-Smart-Object.png in Resources */ = {isa = PBXBuildFile; fileRef = F4B00705191E35C300AF4902 /* icon_0002_Vector-Smart-Object.png */; };
		F4B00711191E35C300AF4902 /* icon_0003_Vector-Smart-Object.png in Resources */ = {isa = PBXBuildFile; fileRef = F4B00706191E35C300AF4902 /* icon_0003_Vector-Smart-Object.png */; };
		F4B00712191E35C300AF4902 /* icon_0004_Vector-Smart-Object.png in Resources */ = {isa = PBXBuildFile; fileRef = F4B00707191E35C300AF4902 /* icon_0004_Vector-Smart-Object.png */; };
		F4B00713191E35C300AF4902 /* icon_0005_Vector-Smart-Object.png in Resources */ = {isa = PBXBuildFile; fileRef = F4B00708191E35C300AF4902 /* icon_0005_Vector-Smart-Object.png */; };
		F4B00714191E35C300AF4902 /* icon_0006_Vector-Smart-Object.png in Resources */ = {isa = PBXBuildFile; fileRef = F4B00709191E35C300AF4902 /* icon_0006_Vector-Smart-Object.png */; };
		F4B00715191E35C300AF4902 /* icon_0007_Vector-Smart-Object.png in Resources */ = {isa = PBXBuildFile; fileRef = F4B0070A191E35C300AF4902 /* icon_0007_Vector-Smart-Object.png */; };
		F4B00716191E35C300AF4902 /* icon_0008_Vector-Smart-Object.png in Resources */ = {isa = PBXBuildFile; fileRef = F4B0070B191E35C300AF4902 /* icon_0008_Vector-Smart-Object.png */; };
		F4B00718191E385900AF4902 /* points.json in Resources */ = {isa = PBXBuildFile; fileRef = F4B00717191E385900AF4902 /* points.json */; };
		F4B0071B191E3D2B00AF4902 /* SCTool.m in Sources */ = {isa = PBXBuildFile; fileRef = F4B0071A191E3D2B00AF4902 /* SCTool.m */; };
		F4DECFCA191DFA7100CD25B3 /* SCLoginViewController.m in Sources */ = {isa = PBXBuildFile; fileRef = F4DECFC8191DFA7100CD25B3 /* SCLoginViewController.m */; };
		F4DECFCB191DFA7100CD25B3 /* SCLoginViewController.xib in Resources */ = {isa = PBXBuildFile; fileRef = F4DECFC9191DFA7100CD25B3 /* SCLoginViewController.xib */; };
		F4DECFCE191DFF1600CD25B3 /* NSObject+LogProperties.m in Sources */ = {isa = PBXBuildFile; fileRef = F4DECFCD191DFF1600CD25B3 /* NSObject+LogProperties.m */; };
/* End PBXBuildFile section */

/* Begin PBXContainerItemProxy section */
		F48928A5191DEDDD004092E7 /* PBXContainerItemProxy */ = {
			isa = PBXContainerItemProxy;
			containerPortal = F489287D191DEDDD004092E7 /* Project object */;
			proxyType = 1;
			remoteGlobalIDString = F4892884191DEDDD004092E7;
			remoteInfo = Bikeable;
		};
/* End PBXContainerItemProxy section */

/* Begin PBXFileReference section */
		B28CE3B9191E22A20018CB41 /* SCMainViewController.h */ = {isa = PBXFileReference; fileEncoding = 4; lastKnownFileType = sourcecode.c.h; path = SCMainViewController.h; sourceTree = "<group>"; };
		B28CE3BA191E22A20018CB41 /* SCMainViewController.m */ = {isa = PBXFileReference; fileEncoding = 4; lastKnownFileType = sourcecode.c.objc; path = SCMainViewController.m; sourceTree = "<group>"; };
		B28CE3BB191E22A20018CB41 /* SCMainViewController.xib */ = {isa = PBXFileReference; fileEncoding = 4; lastKnownFileType = file.xib; path = SCMainViewController.xib; sourceTree = "<group>"; };
		B28CE3C1191E39CB0018CB41 /* dataTo101.json */ = {isa = PBXFileReference; fileEncoding = 4; lastKnownFileType = text.json; path = dataTo101.json; sourceTree = "<group>"; };
		B28CE3C3191E3F730018CB41 /* bikeshop.json */ = {isa = PBXFileReference; fileEncoding = 4; lastKnownFileType = text.json; path = bikeshop.json; sourceTree = "<group>"; };
		B28CE3C5191E48920018CB41 /* dataTo101-2.json */ = {isa = PBXFileReference; fileEncoding = 4; lastKnownFileType = text.json; path = "dataTo101-2.json"; sourceTree = "<group>"; };
		CF99054C05434CB1BFD3B075 /* Pods.xcconfig */ = {isa = PBXFileReference; includeInIndex = 1; lastKnownFileType = text.xcconfig; name = Pods.xcconfig; path = Pods/Pods.xcconfig; sourceTree = "<group>"; };
		EEE886B64F1F4ED59991D62C /* libPods.a */ = {isa = PBXFileReference; explicitFileType = archive.ar; includeInIndex = 0; path = libPods.a; sourceTree = BUILT_PRODUCTS_DIR; };
		F477FB7C191E4485009A6A47 /* Icon.png */ = {isa = PBXFileReference; lastKnownFileType = image.png; path = Icon.png; sourceTree = "<group>"; };
		F477FB7E191E4503009A6A47 /* icon120.png */ = {isa = PBXFileReference; lastKnownFileType = image.png; path = icon120.png; sourceTree = "<group>"; };
		F477FB80191E45A0009A6A47 /* bike_image-01.png */ = {isa = PBXFileReference; lastKnownFileType = image.png; path = "bike_image-01.png"; sourceTree = "<group>"; };
		F477FB81191E45A0009A6A47 /* cloud_white.png */ = {isa = PBXFileReference; lastKnownFileType = image.png; path = cloud_white.png; sourceTree = "<group>"; };
		F4892885191DEDDD004092E7 /* Bikeable.app */ = {isa = PBXFileReference; explicitFileType = wrapper.application; includeInIndex = 0; path = Bikeable.app; sourceTree = BUILT_PRODUCTS_DIR; };
		F4892888191DEDDD004092E7 /* Foundation.framework */ = {isa = PBXFileReference; lastKnownFileType = wrapper.framework; name = Foundation.framework; path = System/Library/Frameworks/Foundation.framework; sourceTree = SDKROOT; };
		F489288A191DEDDD004092E7 /* CoreGraphics.framework */ = {isa = PBXFileReference; lastKnownFileType = wrapper.framework; name = CoreGraphics.framework; path = System/Library/Frameworks/CoreGraphics.framework; sourceTree = SDKROOT; };
		F489288C191DEDDD004092E7 /* UIKit.framework */ = {isa = PBXFileReference; lastKnownFileType = wrapper.framework; name = UIKit.framework; path = System/Library/Frameworks/UIKit.framework; sourceTree = SDKROOT; };
		F4892890191DEDDD004092E7 /* Bikeable-Info.plist */ = {isa = PBXFileReference; lastKnownFileType = text.plist.xml; path = "Bikeable-Info.plist"; sourceTree = "<group>"; };
		F4892892191DEDDD004092E7 /* en */ = {isa = PBXFileReference; lastKnownFileType = text.plist.strings; name = en; path = en.lproj/InfoPlist.strings; sourceTree = "<group>"; };
		F4892894191DEDDD004092E7 /* main.m */ = {isa = PBXFileReference; lastKnownFileType = sourcecode.c.objc; path = main.m; sourceTree = "<group>"; };
		F4892896191DEDDD004092E7 /* Bikeable-Prefix.pch */ = {isa = PBXFileReference; lastKnownFileType = sourcecode.c.h; path = "Bikeable-Prefix.pch"; sourceTree = "<group>"; };
		F4892897191DEDDD004092E7 /* SCAppDelegate.h */ = {isa = PBXFileReference; lastKnownFileType = sourcecode.c.h; path = SCAppDelegate.h; sourceTree = "<group>"; };
		F4892898191DEDDD004092E7 /* SCAppDelegate.m */ = {isa = PBXFileReference; lastKnownFileType = sourcecode.c.objc; path = SCAppDelegate.m; sourceTree = "<group>"; };
		F489289A191DEDDD004092E7 /* Images.xcassets */ = {isa = PBXFileReference; lastKnownFileType = folder.assetcatalog; path = Images.xcassets; sourceTree = "<group>"; };
		F48928A0191DEDDD004092E7 /* BikeableTests.xctest */ = {isa = PBXFileReference; explicitFileType = wrapper.cfbundle; includeInIndex = 0; path = BikeableTests.xctest; sourceTree = BUILT_PRODUCTS_DIR; };
		F48928A1191DEDDD004092E7 /* XCTest.framework */ = {isa = PBXFileReference; lastKnownFileType = wrapper.framework; name = XCTest.framework; path = Library/Frameworks/XCTest.framework; sourceTree = DEVELOPER_DIR; };
		F48928A9191DEDDD004092E7 /* BikeableTests-Info.plist */ = {isa = PBXFileReference; lastKnownFileType = text.plist.xml; path = "BikeableTests-Info.plist"; sourceTree = "<group>"; };
		F48928AB191DEDDD004092E7 /* en */ = {isa = PBXFileReference; lastKnownFileType = text.plist.strings; name = en; path = en.lproj/InfoPlist.strings; sourceTree = "<group>"; };
		F48928AD191DEDDD004092E7 /* BikeableTests.m */ = {isa = PBXFileReference; lastKnownFileType = sourcecode.c.objc; path = BikeableTests.m; sourceTree = "<group>"; };
		F4B006CC191E05E300AF4902 /* DFDateFormatterFactory.h */ = {isa = PBXFileReference; fileEncoding = 4; lastKnownFileType = sourcecode.c.h; path = DFDateFormatterFactory.h; sourceTree = "<group>"; };
		F4B006CD191E05E300AF4902 /* DFDateFormatterFactory.m */ = {isa = PBXFileReference; fileEncoding = 4; lastKnownFileType = sourcecode.c.objc; path = DFDateFormatterFactory.m; sourceTree = "<group>"; };
		F4B006CE191E05E300AF4902 /* MVOAuthViewController.h */ = {isa = PBXFileReference; fileEncoding = 4; lastKnownFileType = sourcecode.c.h; path = MVOAuthViewController.h; sourceTree = "<group>"; };
		F4B006CF191E05E300AF4902 /* MVOAuthViewController.m */ = {isa = PBXFileReference; fileEncoding = 4; lastKnownFileType = sourcecode.c.objc; path = MVOAuthViewController.m; sourceTree = "<group>"; };
		F4B006D1191E05E300AF4902 /* MVActivity.h */ = {isa = PBXFileReference; fileEncoding = 4; lastKnownFileType = sourcecode.c.h; path = MVActivity.h; sourceTree = "<group>"; };
		F4B006D2191E05E300AF4902 /* MVActivity.m */ = {isa = PBXFileReference; fileEncoding = 4; lastKnownFileType = sourcecode.c.objc; path = MVActivity.m; sourceTree = "<group>"; };
		F4B006D3191E05E300AF4902 /* MVBaseDataModel.h */ = {isa = PBXFileReference; fileEncoding = 4; lastKnownFileType = sourcecode.c.h; path = MVBaseDataModel.h; sourceTree = "<group>"; };
		F4B006D4191E05E300AF4902 /* MVBaseDataModel.m */ = {isa = PBXFileReference; fileEncoding = 4; lastKnownFileType = sourcecode.c.objc; path = MVBaseDataModel.m; sourceTree = "<group>"; };
		F4B006D5191E05E300AF4902 /* MVDailyActivity.h */ = {isa = PBXFileReference; fileEncoding = 4; lastKnownFileType = sourcecode.c.h; path = MVDailyActivity.h; sourceTree = "<group>"; };
		F4B006D6191E05E300AF4902 /* MVDailyActivity.m */ = {isa = PBXFileReference; fileEncoding = 4; lastKnownFileType = sourcecode.c.objc; path = MVDailyActivity.m; sourceTree = "<group>"; };
		F4B006D7191E05E300AF4902 /* MVDailyPlace.h */ = {isa = PBXFileReference; fileEncoding = 4; lastKnownFileType = sourcecode.c.h; path = MVDailyPlace.h; sourceTree = "<group>"; };
		F4B006D8191E05E300AF4902 /* MVDailyPlace.m */ = {isa = PBXFileReference; fileEncoding = 4; lastKnownFileType = sourcecode.c.objc; path = MVDailyPlace.m; sourceTree = "<group>"; };
		F4B006D9191E05E300AF4902 /* MVDailySummary.h */ = {isa = PBXFileReference; fileEncoding = 4; lastKnownFileType = sourcecode.c.h; path = MVDailySummary.h; sourceTree = "<group>"; };
		F4B006DA191E05E300AF4902 /* MVDailySummary.m */ = {isa = PBXFileReference; fileEncoding = 4; lastKnownFileType = sourcecode.c.objc; path = MVDailySummary.m; sourceTree = "<group>"; };
		F4B006DB191E05E300AF4902 /* MVLocalization.h */ = {isa = PBXFileReference; fileEncoding = 4; lastKnownFileType = sourcecode.c.h; path = MVLocalization.h; sourceTree = "<group>"; };
		F4B006DC191E05E300AF4902 /* MVLocalization.m */ = {isa = PBXFileReference; fileEncoding = 4; lastKnownFileType = sourcecode.c.objc; path = MVLocalization.m; sourceTree = "<group>"; };
		F4B006DD191E05E300AF4902 /* MVLocation.h */ = {isa = PBXFileReference; fileEncoding = 4; lastKnownFileType = sourcecode.c.h; path = MVLocation.h; sourceTree = "<group>"; };
		F4B006DE191E05E300AF4902 /* MVLocation.m */ = {isa = PBXFileReference; fileEncoding = 4; lastKnownFileType = sourcecode.c.objc; path = MVLocation.m; sourceTree = "<group>"; };
		F4B006DF191E05E300AF4902 /* MVPlace.h */ = {isa = PBXFileReference; fileEncoding = 4; lastKnownFileType = sourcecode.c.h; path = MVPlace.h; sourceTree = "<group>"; };
		F4B006E0191E05E300AF4902 /* MVPlace.m */ = {isa = PBXFileReference; fileEncoding = 4; lastKnownFileType = sourcecode.c.objc; path = MVPlace.m; sourceTree = "<group>"; };
		F4B006E1191E05E300AF4902 /* MVSegment.h */ = {isa = PBXFileReference; fileEncoding = 4; lastKnownFileType = sourcecode.c.h; path = MVSegment.h; sourceTree = "<group>"; };
		F4B006E2191E05E300AF4902 /* MVSegment.m */ = {isa = PBXFileReference; fileEncoding = 4; lastKnownFileType = sourcecode.c.objc; path = MVSegment.m; sourceTree = "<group>"; };
		F4B006E3191E05E300AF4902 /* MVStoryLine.h */ = {isa = PBXFileReference; fileEncoding = 4; lastKnownFileType = sourcecode.c.h; path = MVStoryLine.h; sourceTree = "<group>"; };
		F4B006E4191E05E300AF4902 /* MVStoryLine.m */ = {isa = PBXFileReference; fileEncoding = 4; lastKnownFileType = sourcecode.c.objc; path = MVStoryLine.m; sourceTree = "<group>"; };
		F4B006E5191E05E300AF4902 /* MVSummary.h */ = {isa = PBXFileReference; fileEncoding = 4; lastKnownFileType = sourcecode.c.h; path = MVSummary.h; sourceTree = "<group>"; };
		F4B006E6191E05E300AF4902 /* MVSummary.m */ = {isa = PBXFileReference; fileEncoding = 4; lastKnownFileType = sourcecode.c.objc; path = MVSummary.m; sourceTree = "<group>"; };
		F4B006E7191E05E300AF4902 /* MVSupportedActivity.h */ = {isa = PBXFileReference; fileEncoding = 4; lastKnownFileType = sourcecode.c.h; path = MVSupportedActivity.h; sourceTree = "<group>"; };
		F4B006E8191E05E300AF4902 /* MVSupportedActivity.m */ = {isa = PBXFileReference; fileEncoding = 4; lastKnownFileType = sourcecode.c.objc; path = MVSupportedActivity.m; sourceTree = "<group>"; };
		F4B006E9191E05E300AF4902 /* MVTrackPoint.h */ = {isa = PBXFileReference; fileEncoding = 4; lastKnownFileType = sourcecode.c.h; path = MVTrackPoint.h; sourceTree = "<group>"; };
		F4B006EA191E05E300AF4902 /* MVTrackPoint.m */ = {isa = PBXFileReference; fileEncoding = 4; lastKnownFileType = sourcecode.c.objc; path = MVTrackPoint.m; sourceTree = "<group>"; };
		F4B006EB191E05E300AF4902 /* MVUser.h */ = {isa = PBXFileReference; fileEncoding = 4; lastKnownFileType = sourcecode.c.h; path = MVUser.h; sourceTree = "<group>"; };
		F4B006EC191E05E300AF4902 /* MVUser.m */ = {isa = PBXFileReference; fileEncoding = 4; lastKnownFileType = sourcecode.c.objc; path = MVUser.m; sourceTree = "<group>"; };
		F4B006ED191E05E300AF4902 /* MovesAPI.h */ = {isa = PBXFileReference; fileEncoding = 4; lastKnownFileType = sourcecode.c.h; path = MovesAPI.h; sourceTree = "<group>"; };
		F4B006EE191E05E300AF4902 /* MovesAPI.m */ = {isa = PBXFileReference; fileEncoding = 4; lastKnownFileType = sourcecode.c.objc; path = MovesAPI.m; sourceTree = "<group>"; };
		F4B00701191E35C300AF4902 /* bike-01.png */ = {isa = PBXFileReference; lastKnownFileType = image.png; path = "bike-01.png"; sourceTree = "<group>"; };
		F4B00702191E35C300AF4902 /* bike_bg-01.png */ = {isa = PBXFileReference; lastKnownFileType = image.png; path = "bike_bg-01.png"; sourceTree = "<group>"; };
		F4B00703191E35C300AF4902 /* icon_0000_Vector-Smart-Object.png */ = {isa = PBXFileReference; lastKnownFileType = image.png; path = "icon_0000_Vector-Smart-Object.png"; sourceTree = "<group>"; };
		F4B00704191E35C300AF4902 /* icon_0001_Vector-Smart-Object.png */ = {isa = PBXFileReference; lastKnownFileType = image.png; path = "icon_0001_Vector-Smart-Object.png"; sourceTree = "<group>"; };
		F4B00705191E35C300AF4902 /* icon_0002_Vector-Smart-Object.png */ = {isa = PBXFileReference; lastKnownFileType = image.png; path = "icon_0002_Vector-Smart-Object.png"; sourceTree = "<group>"; };
		F4B00706191E35C300AF4902 /* icon_0003_Vector-Smart-Object.png */ = {isa = PBXFileReference; lastKnownFileType = image.png; path = "icon_0003_Vector-Smart-Object.png"; sourceTree = "<group>"; };
		F4B00707191E35C300AF4902 /* icon_0004_Vector-Smart-Object.png */ = {isa = PBXFileReference; lastKnownFileType = image.png; path = "icon_0004_Vector-Smart-Object.png"; sourceTree = "<group>"; };
		F4B00708191E35C300AF4902 /* icon_0005_Vector-Smart-Object.png */ = {isa = PBXFileReference; lastKnownFileType = image.png; path = "icon_0005_Vector-Smart-Object.png"; sourceTree = "<group>"; };
		F4B00709191E35C300AF4902 /* icon_0006_Vector-Smart-Object.png */ = {isa = PBXFileReference; lastKnownFileType = image.png; path = "icon_0006_Vector-Smart-Object.png"; sourceTree = "<group>"; };
		F4B0070A191E35C300AF4902 /* icon_0007_Vector-Smart-Object.png */ = {isa = PBXFileReference; lastKnownFileType = image.png; path = "icon_0007_Vector-Smart-Object.png"; sourceTree = "<group>"; };
		F4B0070B191E35C300AF4902 /* icon_0008_Vector-Smart-Object.png */ = {isa = PBXFileReference; lastKnownFileType = image.png; path = "icon_0008_Vector-Smart-Object.png"; sourceTree = "<group>"; };
		F4B00717191E385900AF4902 /* points.json */ = {isa = PBXFileReference; fileEncoding = 4; lastKnownFileType = text.json; path = points.json; sourceTree = "<group>"; };
		F4B00719191E3D2B00AF4902 /* SCTool.h */ = {isa = PBXFileReference; fileEncoding = 4; lastKnownFileType = sourcecode.c.h; path = SCTool.h; sourceTree = "<group>"; };
		F4B0071A191E3D2B00AF4902 /* SCTool.m */ = {isa = PBXFileReference; fileEncoding = 4; lastKnownFileType = sourcecode.c.objc; path = SCTool.m; sourceTree = "<group>"; };
		F4DECFC7191DFA7100CD25B3 /* SCLoginViewController.h */ = {isa = PBXFileReference; fileEncoding = 4; lastKnownFileType = sourcecode.c.h; path = SCLoginViewController.h; sourceTree = "<group>"; };
		F4DECFC8191DFA7100CD25B3 /* SCLoginViewController.m */ = {isa = PBXFileReference; fileEncoding = 4; lastKnownFileType = sourcecode.c.objc; path = SCLoginViewController.m; sourceTree = "<group>"; };
		F4DECFC9191DFA7100CD25B3 /* SCLoginViewController.xib */ = {isa = PBXFileReference; fileEncoding = 4; lastKnownFileType = file.xib; path = SCLoginViewController.xib; sourceTree = "<group>"; };
		F4DECFCC191DFF1600CD25B3 /* NSObject+LogProperties.h */ = {isa = PBXFileReference; fileEncoding = 4; lastKnownFileType = sourcecode.c.h; path = "NSObject+LogProperties.h"; sourceTree = "<group>"; };
		F4DECFCD191DFF1600CD25B3 /* NSObject+LogProperties.m */ = {isa = PBXFileReference; fileEncoding = 4; lastKnownFileType = sourcecode.c.objc; path = "NSObject+LogProperties.m"; sourceTree = "<group>"; };
/* End PBXFileReference section */

/* Begin PBXFrameworksBuildPhase section */
		F4892882191DEDDD004092E7 /* Frameworks */ = {
			isa = PBXFrameworksBuildPhase;
			buildActionMask = 2147483647;
			files = (
				F489288B191DEDDD004092E7 /* CoreGraphics.framework in Frameworks */,
				F489288D191DEDDD004092E7 /* UIKit.framework in Frameworks */,
				F4892889191DEDDD004092E7 /* Foundation.framework in Frameworks */,
				A3E6A43A610A45CF930DBE64 /* libPods.a in Frameworks */,
			);
			runOnlyForDeploymentPostprocessing = 0;
		};
		F489289D191DEDDD004092E7 /* Frameworks */ = {
			isa = PBXFrameworksBuildPhase;
			buildActionMask = 2147483647;
			files = (
				F48928A2191DEDDD004092E7 /* XCTest.framework in Frameworks */,
				F48928A4191DEDDD004092E7 /* UIKit.framework in Frameworks */,
				F48928A3191DEDDD004092E7 /* Foundation.framework in Frameworks */,
			);
			runOnlyForDeploymentPostprocessing = 0;
		};
/* End PBXFrameworksBuildPhase section */

/* Begin PBXGroup section */
		F489287C191DEDDD004092E7 = {
			isa = PBXGroup;
			children = (
				F4B00700191E35C300AF4902 /* Images */,
				F4B006C9191E05E200AF4902 /* Library */,
				F489288E191DEDDD004092E7 /* Bikeable */,
				F48928A7191DEDDD004092E7 /* BikeableTests */,
				F4892887191DEDDD004092E7 /* Frameworks */,
				F4892886191DEDDD004092E7 /* Products */,
				CF99054C05434CB1BFD3B075 /* Pods.xcconfig */,
			);
			sourceTree = "<group>";
		};
		F4892886191DEDDD004092E7 /* Products */ = {
			isa = PBXGroup;
			children = (
				F4892885191DEDDD004092E7 /* Bikeable.app */,
				F48928A0191DEDDD004092E7 /* BikeableTests.xctest */,
			);
			name = Products;
			sourceTree = "<group>";
		};
		F4892887191DEDDD004092E7 /* Frameworks */ = {
			isa = PBXGroup;
			children = (
				F4892888191DEDDD004092E7 /* Foundation.framework */,
				F489288A191DEDDD004092E7 /* CoreGraphics.framework */,
				F489288C191DEDDD004092E7 /* UIKit.framework */,
				F48928A1191DEDDD004092E7 /* XCTest.framework */,
				EEE886B64F1F4ED59991D62C /* libPods.a */,
			);
			name = Frameworks;
			sourceTree = "<group>";
		};
		F489288E191DEDDD004092E7 /* Bikeable */ = {
			isa = PBXGroup;
			children = (
				F4B00719191E3D2B00AF4902 /* SCTool.h */,
				F4B0071A191E3D2B00AF4902 /* SCTool.m */,
				F4DECFCC191DFF1600CD25B3 /* NSObject+LogProperties.h */,
				F4DECFCD191DFF1600CD25B3 /* NSObject+LogProperties.m */,
				F4892897191DEDDD004092E7 /* SCAppDelegate.h */,
				F4892898191DEDDD004092E7 /* SCAppDelegate.m */,
				F4DECFC7191DFA7100CD25B3 /* SCLoginViewController.h */,
				F4DECFC8191DFA7100CD25B3 /* SCLoginViewController.m */,
				F4DECFC9191DFA7100CD25B3 /* SCLoginViewController.xib */,
				B28CE3B9191E22A20018CB41 /* SCMainViewController.h */,
				B28CE3BA191E22A20018CB41 /* SCMainViewController.m */,
				B28CE3BB191E22A20018CB41 /* SCMainViewController.xib */,
				F489289A191DEDDD004092E7 /* Images.xcassets */,
				F489288F191DEDDD004092E7 /* Supporting Files */,
			);
			path = Bikeable;
			sourceTree = "<group>";
		};
		F489288F191DEDDD004092E7 /* Supporting Files */ = {
			isa = PBXGroup;
			children = (
				F4B00717191E385900AF4902 /* points.json */,
				F4892890191DEDDD004092E7 /* Bikeable-Info.plist */,
				B28CE3C3191E3F730018CB41 /* bikeshop.json */,
				B28CE3C1191E39CB0018CB41 /* dataTo101.json */,
				B28CE3C5191E48920018CB41 /* dataTo101-2.json */,
				F4892891191DEDDD004092E7 /* InfoPlist.strings */,
				F4892894191DEDDD004092E7 /* main.m */,
				F4892896191DEDDD004092E7 /* Bikeable-Prefix.pch */,
			);
			name = "Supporting Files";
			sourceTree = "<group>";
		};
		F48928A7191DEDDD004092E7 /* BikeableTests */ = {
			isa = PBXGroup;
			children = (
				F48928AD191DEDDD004092E7 /* BikeableTests.m */,
				F48928A8191DEDDD004092E7 /* Supporting Files */,
			);
			path = BikeableTests;
			sourceTree = "<group>";
		};
		F48928A8191DEDDD004092E7 /* Supporting Files */ = {
			isa = PBXGroup;
			children = (
				F48928A9191DEDDD004092E7 /* BikeableTests-Info.plist */,
				F48928AA191DEDDD004092E7 /* InfoPlist.strings */,
			);
			name = "Supporting Files";
			sourceTree = "<group>";
		};
		F4B006C9191E05E200AF4902 /* Library */ = {
			isa = PBXGroup;
			children = (
				F4B006CA191E05E300AF4902 /* moves-ios-sdk */,
			);
			path = Library;
			sourceTree = "<group>";
		};
		F4B006CA191E05E300AF4902 /* moves-ios-sdk */ = {
			isa = PBXGroup;
			children = (
				F4B006CB191E05E300AF4902 /* internal */,
				F4B006D0191E05E300AF4902 /* models */,
				F4B006ED191E05E300AF4902 /* MovesAPI.h */,
				F4B006EE191E05E300AF4902 /* MovesAPI.m */,
			);
			path = "moves-ios-sdk";
			sourceTree = "<group>";
		};
		F4B006CB191E05E300AF4902 /* internal */ = {
			isa = PBXGroup;
			children = (
				F4B006CC191E05E300AF4902 /* DFDateFormatterFactory.h */,
				F4B006CD191E05E300AF4902 /* DFDateFormatterFactory.m */,
				F4B006CE191E05E300AF4902 /* MVOAuthViewController.h */,
				F4B006CF191E05E300AF4902 /* MVOAuthViewController.m */,
			);
			path = internal;
			sourceTree = "<group>";
		};
		F4B006D0191E05E300AF4902 /* models */ = {
			isa = PBXGroup;
			children = (
				F4B006D1191E05E300AF4902 /* MVActivity.h */,
				F4B006D2191E05E300AF4902 /* MVActivity.m */,
				F4B006D3191E05E300AF4902 /* MVBaseDataModel.h */,
				F4B006D4191E05E300AF4902 /* MVBaseDataModel.m */,
				F4B006D5191E05E300AF4902 /* MVDailyActivity.h */,
				F4B006D6191E05E300AF4902 /* MVDailyActivity.m */,
				F4B006D7191E05E300AF4902 /* MVDailyPlace.h */,
				F4B006D8191E05E300AF4902 /* MVDailyPlace.m */,
				F4B006D9191E05E300AF4902 /* MVDailySummary.h */,
				F4B006DA191E05E300AF4902 /* MVDailySummary.m */,
				F4B006DB191E05E300AF4902 /* MVLocalization.h */,
				F4B006DC191E05E300AF4902 /* MVLocalization.m */,
				F4B006DD191E05E300AF4902 /* MVLocation.h */,
				F4B006DE191E05E300AF4902 /* MVLocation.m */,
				F4B006DF191E05E300AF4902 /* MVPlace.h */,
				F4B006E0191E05E300AF4902 /* MVPlace.m */,
				F4B006E1191E05E300AF4902 /* MVSegment.h */,
				F4B006E2191E05E300AF4902 /* MVSegment.m */,
				F4B006E3191E05E300AF4902 /* MVStoryLine.h */,
				F4B006E4191E05E300AF4902 /* MVStoryLine.m */,
				F4B006E5191E05E300AF4902 /* MVSummary.h */,
				F4B006E6191E05E300AF4902 /* MVSummary.m */,
				F4B006E7191E05E300AF4902 /* MVSupportedActivity.h */,
				F4B006E8191E05E300AF4902 /* MVSupportedActivity.m */,
				F4B006E9191E05E300AF4902 /* MVTrackPoint.h */,
				F4B006EA191E05E300AF4902 /* MVTrackPoint.m */,
				F4B006EB191E05E300AF4902 /* MVUser.h */,
				F4B006EC191E05E300AF4902 /* MVUser.m */,
			);
			path = models;
			sourceTree = "<group>";
		};
		F4B00700191E35C300AF4902 /* Images */ = {
			isa = PBXGroup;
			children = (
				F477FB80191E45A0009A6A47 /* bike_image-01.png */,
				F477FB81191E45A0009A6A47 /* cloud_white.png */,
				F477FB7C191E4485009A6A47 /* Icon.png */,
				F477FB7E191E4503009A6A47 /* icon120.png */,
				F4B00701191E35C300AF4902 /* bike-01.png */,
				F4B00702191E35C300AF4902 /* bike_bg-01.png */,
				F4B00703191E35C300AF4902 /* icon_0000_Vector-Smart-Object.png */,
				F4B00704191E35C300AF4902 /* icon_0001_Vector-Smart-Object.png */,
				F4B00705191E35C300AF4902 /* icon_0002_Vector-Smart-Object.png */,
				F4B00706191E35C300AF4902 /* icon_0003_Vector-Smart-Object.png */,
				F4B00707191E35C300AF4902 /* icon_0004_Vector-Smart-Object.png */,
				F4B00708191E35C300AF4902 /* icon_0005_Vector-Smart-Object.png */,
				F4B00709191E35C300AF4902 /* icon_0006_Vector-Smart-Object.png */,
				F4B0070A191E35C300AF4902 /* icon_0007_Vector-Smart-Object.png */,
				F4B0070B191E35C300AF4902 /* icon_0008_Vector-Smart-Object.png */,
			);
			path = Images;
			sourceTree = "<group>";
		};
/* End PBXGroup section */

/* Begin PBXNativeTarget section */
		F4892884191DEDDD004092E7 /* Bikeable */ = {
			isa = PBXNativeTarget;
			buildConfigurationList = F48928B1191DEDDD004092E7 /* Build configuration list for PBXNativeTarget "Bikeable" */;
			buildPhases = (
				E3D1030F534D4FBF8F26AB6F /* Check Pods Manifest.lock */,
				F4892881191DEDDD004092E7 /* Sources */,
				F4892882191DEDDD004092E7 /* Frameworks */,
				F4892883191DEDDD004092E7 /* Resources */,
				A1D6771C4D1C40E2842C1BD9 /* Copy Pods Resources */,
			);
			buildRules = (
			);
			dependencies = (
			);
			name = Bikeable;
			productName = Bikeable;
			productReference = F4892885191DEDDD004092E7 /* Bikeable.app */;
			productType = "com.apple.product-type.application";
		};
		F489289F191DEDDD004092E7 /* BikeableTests */ = {
			isa = PBXNativeTarget;
			buildConfigurationList = F48928B4191DEDDD004092E7 /* Build configuration list for PBXNativeTarget "BikeableTests" */;
			buildPhases = (
				F489289C191DEDDD004092E7 /* Sources */,
				F489289D191DEDDD004092E7 /* Frameworks */,
				F489289E191DEDDD004092E7 /* Resources */,
			);
			buildRules = (
			);
			dependencies = (
				F48928A6191DEDDD004092E7 /* PBXTargetDependency */,
			);
			name = BikeableTests;
			productName = BikeableTests;
			productReference = F48928A0191DEDDD004092E7 /* BikeableTests.xctest */;
			productType = "com.apple.product-type.bundle.unit-test";
		};
/* End PBXNativeTarget section */

/* Begin PBXProject section */
		F489287D191DEDDD004092E7 /* Project object */ = {
			isa = PBXProject;
			attributes = {
				CLASSPREFIX = SC;
				LastUpgradeCheck = 0510;
				ORGANIZATIONNAME = wpsteak;
				TargetAttributes = {
					F4892884191DEDDD004092E7 = {
						DevelopmentTeam = 386TKAPNE7;
					};
					F489289F191DEDDD004092E7 = {
						TestTargetID = F4892884191DEDDD004092E7;
					};
				};
			};
			buildConfigurationList = F4892880191DEDDD004092E7 /* Build configuration list for PBXProject "Bikeable" */;
			compatibilityVersion = "Xcode 3.2";
			developmentRegion = English;
			hasScannedForEncodings = 0;
			knownRegions = (
				en,
			);
			mainGroup = F489287C191DEDDD004092E7;
			productRefGroup = F4892886191DEDDD004092E7 /* Products */;
			projectDirPath = "";
			projectRoot = "";
			targets = (
				F4892884191DEDDD004092E7 /* Bikeable */,
				F489289F191DEDDD004092E7 /* BikeableTests */,
			);
		};
/* End PBXProject section */

/* Begin PBXResourcesBuildPhase section */
		F4892883191DEDDD004092E7 /* Resources */ = {
			isa = PBXResourcesBuildPhase;
			buildActionMask = 2147483647;
			files = (
				F477FB7D191E4485009A6A47 /* Icon.png in Resources */,
				F4B00718191E385900AF4902 /* points.json in Resources */,
				F4892893191DEDDD004092E7 /* InfoPlist.strings in Resources */,
				B28CE3C2191E39CB0018CB41 /* dataTo101.json in Resources */,
				F4B00715191E35C300AF4902 /* icon_0007_Vector-Smart-Object.png in Resources */,
				F4B00713191E35C300AF4902 /* icon_0005_Vector-Smart-Object.png in Resources */,
				F4B0070C191E35C300AF4902 /* bike-01.png in Resources */,
				F4B00710191E35C300AF4902 /* icon_0002_Vector-Smart-Object.png in Resources */,
				F4B00711191E35C300AF4902 /* icon_0003_Vector-Smart-Object.png in Resources */,
				F4B00712191E35C300AF4902 /* icon_0004_Vector-Smart-Object.png in Resources */,
				F4B00716191E35C300AF4902 /* icon_0008_Vector-Smart-Object.png in Resources */,
				F489289B191DEDDD004092E7 /* Images.xcassets in Resources */,
				F4DECFCB191DFA7100CD25B3 /* SCLoginViewController.xib in Resources */,
				F4B00714191E35C300AF4902 /* icon_0006_Vector-Smart-Object.png in Resources */,
				B28CE3C4191E3F730018CB41 /* bikeshop.json in Resources */,
				F477FB7F191E4503009A6A47 /* icon120.png in Resources */,
				B28CE3C6191E48920018CB41 /* dataTo101-2.json in Resources */,
				F4B0070D191E35C300AF4902 /* bike_bg-01.png in Resources */,
				F477FB83191E45A0009A6A47 /* cloud_white.png in Resources */,
				F4B0070F191E35C300AF4902 /* icon_0001_Vector-Smart-Object.png in Resources */,
				F4B0070E191E35C300AF4902 /* icon_0000_Vector-Smart-Object.png in Resources */,
				B28CE3BD191E22A20018CB41 /* SCMainViewController.xib in Resources */,
				F477FB82191E45A0009A6A47 /* bike_image-01.png in Resources */,
			);
			runOnlyForDeploymentPostprocessing = 0;
		};
		F489289E191DEDDD004092E7 /* Resources */ = {
			isa = PBXResourcesBuildPhase;
			buildActionMask = 2147483647;
			files = (
				F48928AC191DEDDD004092E7 /* InfoPlist.strings in Resources */,
			);
			runOnlyForDeploymentPostprocessing = 0;
		};
/* End PBXResourcesBuildPhase section */

/* Begin PBXShellScriptBuildPhase section */
		A1D6771C4D1C40E2842C1BD9 /* Copy Pods Resources */ = {
			isa = PBXShellScriptBuildPhase;
			buildActionMask = 2147483647;
			files = (
			);
			inputPaths = (
			);
			name = "Copy Pods Resources";
			outputPaths = (
			);
			runOnlyForDeploymentPostprocessing = 0;
			shellPath = /bin/sh;
			shellScript = "\"${SRCROOT}/Pods/Pods-resources.sh\"\n";
			showEnvVarsInLog = 0;
		};
		E3D1030F534D4FBF8F26AB6F /* Check Pods Manifest.lock */ = {
			isa = PBXShellScriptBuildPhase;
			buildActionMask = 2147483647;
			files = (
			);
			inputPaths = (
			);
			name = "Check Pods Manifest.lock";
			outputPaths = (
			);
			runOnlyForDeploymentPostprocessing = 0;
			shellPath = /bin/sh;
			shellScript = "diff \"${PODS_ROOT}/../Podfile.lock\" \"${PODS_ROOT}/Manifest.lock\" > /dev/null\nif [[ $? != 0 ]] ; then\n    cat << EOM\nerror: The sandbox is not in sync with the Podfile.lock. Run 'pod install' or update your CocoaPods installation.\nEOM\n    exit 1\nfi\n";
			showEnvVarsInLog = 0;
		};
/* End PBXShellScriptBuildPhase section */

/* Begin PBXSourcesBuildPhase section */
		F4892881191DEDDD004092E7 /* Sources */ = {
			isa = PBXSourcesBuildPhase;
			buildActionMask = 2147483647;
			files = (
				F4B006F8191E05E300AF4902 /* MVPlace.m in Sources */,
				B28CE3BC191E22A20018CB41 /* SCMainViewController.m in Sources */,
				F4892899191DEDDD004092E7 /* SCAppDelegate.m in Sources */,
				F4B006F0191E05E300AF4902 /* MVOAuthViewController.m in Sources */,
				F4B006F4191E05E300AF4902 /* MVDailyPlace.m in Sources */,
				F4B006FA191E05E300AF4902 /* MVStoryLine.m in Sources */,
				F4B006F1191E05E300AF4902 /* MVActivity.m in Sources */,
				F4B006F7191E05E300AF4902 /* MVLocation.m in Sources */,
				F4DECFCE191DFF1600CD25B3 /* NSObject+LogProperties.m in Sources */,
				F4B0071B191E3D2B00AF4902 /* SCTool.m in Sources */,
				F4892895191DEDDD004092E7 /* main.m in Sources */,
				F4B006FE191E05E300AF4902 /* MVUser.m in Sources */,
				F4B006FB191E05E300AF4902 /* MVSummary.m in Sources */,
				F4B006F2191E05E300AF4902 /* MVBaseDataModel.m in Sources */,
				F4B006F5191E05E300AF4902 /* MVDailySummary.m in Sources */,
				F4B006F3191E05E300AF4902 /* MVDailyActivity.m in Sources */,
				F4B006EF191E05E300AF4902 /* DFDateFormatterFactory.m in Sources */,
				F4B006FC191E05E300AF4902 /* MVSupportedActivity.m in Sources */,
				F4B006F9191E05E300AF4902 /* MVSegment.m in Sources */,
				F4DECFCA191DFA7100CD25B3 /* SCLoginViewController.m in Sources */,
				F4B006F6191E05E300AF4902 /* MVLocalization.m in Sources */,
				F4B006FF191E05E300AF4902 /* MovesAPI.m in Sources */,
				F4B006FD191E05E300AF4902 /* MVTrackPoint.m in Sources */,
			);
			runOnlyForDeploymentPostprocessing = 0;
		};
		F489289C191DEDDD004092E7 /* Sources */ = {
			isa = PBXSourcesBuildPhase;
			buildActionMask = 2147483647;
			files = (
				F48928AE191DEDDD004092E7 /* BikeableTests.m in Sources */,
			);
			runOnlyForDeploymentPostprocessing = 0;
		};
/* End PBXSourcesBuildPhase section */

/* Begin PBXTargetDependency section */
		F48928A6191DEDDD004092E7 /* PBXTargetDependency */ = {
			isa = PBXTargetDependency;
			target = F4892884191DEDDD004092E7 /* Bikeable */;
			targetProxy = F48928A5191DEDDD004092E7 /* PBXContainerItemProxy */;
		};
/* End PBXTargetDependency section */

/* Begin PBXVariantGroup section */
		F4892891191DEDDD004092E7 /* InfoPlist.strings */ = {
			isa = PBXVariantGroup;
			children = (
				F4892892191DEDDD004092E7 /* en */,
			);
			name = InfoPlist.strings;
			sourceTree = "<group>";
		};
		F48928AA191DEDDD004092E7 /* InfoPlist.strings */ = {
			isa = PBXVariantGroup;
			children = (
				F48928AB191DEDDD004092E7 /* en */,
			);
			name = InfoPlist.strings;
			sourceTree = "<group>";
		};
/* End PBXVariantGroup section */

/* Begin XCBuildConfiguration section */
		F48928AF191DEDDD004092E7 /* Debug */ = {
			isa = XCBuildConfiguration;
			buildSettings = {
				ALWAYS_SEARCH_USER_PATHS = NO;
				CLANG_CXX_LANGUAGE_STANDARD = "gnu++0x";
				CLANG_CXX_LIBRARY = "libc++";
				CLANG_ENABLE_MODULES = YES;
				CLANG_ENABLE_OBJC_ARC = YES;
				CLANG_WARN_BOOL_CONVERSION = YES;
				CLANG_WARN_CONSTANT_CONVERSION = YES;
				CLANG_WARN_DIRECT_OBJC_ISA_USAGE = YES_ERROR;
				CLANG_WARN_EMPTY_BODY = YES;
				CLANG_WARN_ENUM_CONVERSION = YES;
				CLANG_WARN_INT_CONVERSION = YES;
				CLANG_WARN_OBJC_ROOT_CLASS = YES_ERROR;
				CLANG_WARN__DUPLICATE_METHOD_MATCH = YES;
				"CODE_SIGN_IDENTITY[sdk=iphoneos*]" = "iPhone Developer";
				COPY_PHASE_STRIP = NO;
				GCC_C_LANGUAGE_STANDARD = gnu99;
				GCC_DYNAMIC_NO_PIC = NO;
				GCC_OPTIMIZATION_LEVEL = 0;
				GCC_PREPROCESSOR_DEFINITIONS = (
					"DEBUG=1",
					"$(inherited)",
				);
				GCC_SYMBOLS_PRIVATE_EXTERN = NO;
				GCC_WARN_64_TO_32_BIT_CONVERSION = YES;
				GCC_WARN_ABOUT_RETURN_TYPE = YES_ERROR;
				GCC_WARN_UNDECLARED_SELECTOR = YES;
				GCC_WARN_UNINITIALIZED_AUTOS = YES_AGGRESSIVE;
				GCC_WARN_UNUSED_FUNCTION = YES;
				GCC_WARN_UNUSED_VARIABLE = YES;
				IPHONEOS_DEPLOYMENT_TARGET = 7.1;
				ONLY_ACTIVE_ARCH = YES;
				SDKROOT = iphoneos;
			};
			name = Debug;
		};
		F48928B0191DEDDD004092E7 /* Release */ = {
			isa = XCBuildConfiguration;
			buildSettings = {
				ALWAYS_SEARCH_USER_PATHS = NO;
				CLANG_CXX_LANGUAGE_STANDARD = "gnu++0x";
				CLANG_CXX_LIBRARY = "libc++";
				CLANG_ENABLE_MODULES = YES;
				CLANG_ENABLE_OBJC_ARC = YES;
				CLANG_WARN_BOOL_CONVERSION = YES;
				CLANG_WARN_CONSTANT_CONVERSION = YES;
				CLANG_WARN_DIRECT_OBJC_ISA_USAGE = YES_ERROR;
				CLANG_WARN_EMPTY_BODY = YES;
				CLANG_WARN_ENUM_CONVERSION = YES;
				CLANG_WARN_INT_CONVERSION = YES;
				CLANG_WARN_OBJC_ROOT_CLASS = YES_ERROR;
				CLANG_WARN__DUPLICATE_METHOD_MATCH = YES;
				"CODE_SIGN_IDENTITY[sdk=iphoneos*]" = "iPhone Developer";
				COPY_PHASE_STRIP = YES;
				ENABLE_NS_ASSERTIONS = NO;
				GCC_C_LANGUAGE_STANDARD = gnu99;
				GCC_WARN_64_TO_32_BIT_CONVERSION = YES;
				GCC_WARN_ABOUT_RETURN_TYPE = YES_ERROR;
				GCC_WARN_UNDECLARED_SELECTOR = YES;
				GCC_WARN_UNINITIALIZED_AUTOS = YES_AGGRESSIVE;
				GCC_WARN_UNUSED_FUNCTION = YES;
				GCC_WARN_UNUSED_VARIABLE = YES;
				IPHONEOS_DEPLOYMENT_TARGET = 7.1;
				SDKROOT = iphoneos;
				VALIDATE_PRODUCT = YES;
			};
			name = Release;
		};
		F48928B2191DEDDD004092E7 /* Debug */ = {
			isa = XCBuildConfiguration;
			baseConfigurationReference = CF99054C05434CB1BFD3B075 /* Pods.xcconfig */;
			buildSettings = {
				ASSETCATALOG_COMPILER_APPICON_NAME = AppIcon;
				ASSETCATALOG_COMPILER_LAUNCHIMAGE_NAME = LaunchImage;
				CODE_SIGN_IDENTITY = "iPhone Developer";
				"CODE_SIGN_IDENTITY[sdk=iphoneos*]" = "iPhone Developer";
				GCC_PRECOMPILE_PREFIX_HEADER = YES;
				GCC_PREFIX_HEADER = "Bikeable/Bikeable-Prefix.pch";
				INFOPLIST_FILE = "Bikeable/Bikeable-Info.plist";
				PRODUCT_NAME = Bikeable;
				PROVISIONING_PROFILE = "";
				WRAPPER_EXTENSION = app;
			};
			name = Debug;
		};
		F48928B3191DEDDD004092E7 /* Release */ = {
			isa = XCBuildConfiguration;
			baseConfigurationReference = CF99054C05434CB1BFD3B075 /* Pods.xcconfig */;
			buildSettings = {
				ASSETCATALOG_COMPILER_APPICON_NAME = AppIcon;
				ASSETCATALOG_COMPILER_LAUNCHIMAGE_NAME = LaunchImage;
				CODE_SIGN_IDENTITY = "iPhone Developer";
				"CODE_SIGN_IDENTITY[sdk=iphoneos*]" = "iPhone Developer";
				GCC_PRECOMPILE_PREFIX_HEADER = YES;
				GCC_PREFIX_HEADER = "Bikeable/Bikeable-Prefix.pch";
				INFOPLIST_FILE = "Bikeable/Bikeable-Info.plist";
				PRODUCT_NAME = Bikeable;
				PROVISIONING_PROFILE = "";
				WRAPPER_EXTENSION = app;
			};
			name = Release;
		};
		F48928B5191DEDDD004092E7 /* Debug */ = {
			isa = XCBuildConfiguration;
			buildSettings = {
				BUNDLE_LOADER = "$(BUILT_PRODUCTS_DIR)/Bikeable.app/Bikeable";
				FRAMEWORK_SEARCH_PATHS = (
					"$(SDKROOT)/Developer/Library/Frameworks",
					"$(inherited)",
					"$(DEVELOPER_FRAMEWORKS_DIR)",
				);
				GCC_PRECOMPILE_PREFIX_HEADER = YES;
				GCC_PREFIX_HEADER = "Bikeable/Bikeable-Prefix.pch";
				GCC_PREPROCESSOR_DEFINITIONS = (
					"DEBUG=1",
					"$(inherited)",
				);
				INFOPLIST_FILE = "BikeableTests/BikeableTests-Info.plist";
				PRODUCT_NAME = BikeableTests;
				TEST_HOST = "$(BUNDLE_LOADER)";
				WRAPPER_EXTENSION = xctest;
			};
			name = Debug;
		};
		F48928B6191DEDDD004092E7 /* Release */ = {
			isa = XCBuildConfiguration;
			buildSettings = {
				BUNDLE_LOADER = "$(BUILT_PRODUCTS_DIR)/Bikeable.app/Bikeable";
				FRAMEWORK_SEARCH_PATHS = (
					"$(SDKROOT)/Developer/Library/Frameworks",
					"$(inherited)",
					"$(DEVELOPER_FRAMEWORKS_DIR)",
				);
				GCC_PRECOMPILE_PREFIX_HEADER = YES;
				GCC_PREFIX_HEADER = "Bikeable/Bikeable-Prefix.pch";
				INFOPLIST_FILE = "BikeableTests/BikeableTests-Info.plist";
				PRODUCT_NAME = BikeableTests;
				TEST_HOST = "$(BUNDLE_LOADER)";
				WRAPPER_EXTENSION = xctest;
			};
			name = Release;
		};
/* End XCBuildConfiguration section */

/* Begin XCConfigurationList section */
		F4892880191DEDDD004092E7 /* Build configuration list for PBXProject "Bikeable" */ = {
			isa = XCConfigurationList;
			buildConfigurations = (
				F48928AF191DEDDD004092E7 /* Debug */,
				F48928B0191DEDDD004092E7 /* Release */,
			);
			defaultConfigurationIsVisible = 0;
			defaultConfigurationName = Release;
		};
		F48928B1191DEDDD004092E7 /* Build configuration list for PBXNativeTarget "Bikeable" */ = {
			isa = XCConfigurationList;
			buildConfigurations = (
				F48928B2191DEDDD004092E7 /* Debug */,
				F48928B3191DEDDD004092E7 /* Release */,
			);
			defaultConfigurationIsVisible = 0;
			defaultConfigurationName = Release;
		};
		F48928B4191DEDDD004092E7 /* Build configuration list for PBXNativeTarget "BikeableTests" */ = {
			isa = XCConfigurationList;
			buildConfigurations = (
				F48928B5191DEDDD004092E7 /* Debug */,
				F48928B6191DEDDD004092E7 /* Release */,
			);
			defaultConfigurationIsVisible = 0;
			defaultConfigurationName = Release;
		};
/* End XCConfigurationList section */
	};
	rootObject = F489287D191DEDDD004092E7 /* Project object */;
}
